// !$*UTF8*$!
{
	archiveVersion = 1;
	classes = {
	};
	objectVersion = 46;
	objects = {

/* Begin PBXBuildFile section */
		48685D4D1C897FC800E61842 /* AppDelegate.swift in Sources */ = {isa = PBXBuildFile; fileRef = 48685D4C1C897FC800E61842 /* AppDelegate.swift */; };
		48685D4F1C897FC800E61842 /* ImageViewController.swift in Sources */ = {isa = PBXBuildFile; fileRef = 48685D4E1C897FC800E61842 /* ImageViewController.swift */; };
		48685D521C897FC800E61842 /* Main.storyboard in Resources */ = {isa = PBXBuildFile; fileRef = 48685D501C897FC800E61842 /* Main.storyboard */; };
		48685D541C897FC800E61842 /* Assets.xcassets in Resources */ = {isa = PBXBuildFile; fileRef = 48685D531C897FC800E61842 /* Assets.xcassets */; };
		48685D571C897FC800E61842 /* LaunchScreen.storyboard in Resources */ = {isa = PBXBuildFile; fileRef = 48685D551C897FC800E61842 /* LaunchScreen.storyboard */; };
		48685D621C897FC800E61842 /* ImagePersistencePracticeTests.swift in Sources */ = {isa = PBXBuildFile; fileRef = 48685D611C897FC800E61842 /* ImagePersistencePracticeTests.swift */; };
		48685D6D1C897FC800E61842 /* ImagePersistencePracticeUITests.swift in Sources */ = {isa = PBXBuildFile; fileRef = 48685D6C1C897FC800E61842 /* ImagePersistencePracticeUITests.swift */; };
		48685D7B1C89815900E61842 /* BigImages.swift in Sources */ = {isa = PBXBuildFile; fileRef = 48685D7A1C89815900E61842 /* BigImages.swift */; };
/* End PBXBuildFile section */

/* Begin PBXContainerItemProxy section */
		48685D5E1C897FC800E61842 /* PBXContainerItemProxy */ = {
			isa = PBXContainerItemProxy;
			containerPortal = 48685D411C897FC700E61842 /* Project object */;
			proxyType = 1;
			remoteGlobalIDString = 48685D481C897FC800E61842;
			remoteInfo = ImagePersistencePractice;
		};
		48685D691C897FC800E61842 /* PBXContainerItemProxy */ = {
			isa = PBXContainerItemProxy;
			containerPortal = 48685D411C897FC700E61842 /* Project object */;
			proxyType = 1;
			remoteGlobalIDString = 48685D481C897FC800E61842;
			remoteInfo = ImagePersistencePractice;
		};
/* End PBXContainerItemProxy section */

/* Begin PBXFileReference section */
		48685D491C897FC800E61842 /* ImagePersistencePractice.app */ = {isa = PBXFileReference; explicitFileType = wrapper.application; includeInIndex = 0; path = ImagePersistencePractice.app; sourceTree = BUILT_PRODUCTS_DIR; };
		48685D4C1C897FC800E61842 /* AppDelegate.swift */ = {isa = PBXFileReference; lastKnownFileType = sourcecode.swift; path = AppDelegate.swift; sourceTree = "<group>"; };
		48685D4E1C897FC800E61842 /* ImageViewController.swift */ = {isa = PBXFileReference; lastKnownFileType = sourcecode.swift; path = ImageViewController.swift; sourceTree = "<group>"; };
		48685D511C897FC800E61842 /* Base */ = {isa = PBXFileReference; lastKnownFileType = file.storyboard; name = Base; path = Base.lproj/Main.storyboard; sourceTree = "<group>"; };
		48685D531C897FC800E61842 /* Assets.xcassets */ = {isa = PBXFileReference; lastKnownFileType = folder.assetcatalog; path = Assets.xcassets; sourceTree = "<group>"; };
		48685D561C897FC800E61842 /* Base */ = {isa = PBXFileReference; lastKnownFileType = file.storyboard; name = Base; path = Base.lproj/LaunchScreen.storyboard; sourceTree = "<group>"; };
		48685D581C897FC800E61842 /* Info.plist */ = {isa = PBXFileReference; lastKnownFileType = text.plist.xml; path = Info.plist; sourceTree = "<group>"; };
		48685D5D1C897FC800E61842 /* ImagePersistencePracticeTests.xctest */ = {isa = PBXFileReference; explicitFileType = wrapper.cfbundle; includeInIndex = 0; path = ImagePersistencePracticeTests.xctest; sourceTree = BUILT_PRODUCTS_DIR; };
		48685D611C897FC800E61842 /* ImagePersistencePracticeTests.swift */ = {isa = PBXFileReference; lastKnownFileType = sourcecode.swift; path = ImagePersistencePracticeTests.swift; sourceTree = "<group>"; };
		48685D631C897FC800E61842 /* Info.plist */ = {isa = PBXFileReference; lastKnownFileType = text.plist.xml; path = Info.plist; sourceTree = "<group>"; };
		48685D681C897FC800E61842 /* ImagePersistencePracticeUITests.xctest */ = {isa = PBXFileReference; explicitFileType = wrapper.cfbundle; includeInIndex = 0; path = ImagePersistencePracticeUITests.xctest; sourceTree = BUILT_PRODUCTS_DIR; };
		48685D6C1C897FC800E61842 /* ImagePersistencePracticeUITests.swift */ = {isa = PBXFileReference; lastKnownFileType = sourcecode.swift; path = ImagePersistencePracticeUITests.swift; sourceTree = "<group>"; };
		48685D6E1C897FC800E61842 /* Info.plist */ = {isa = PBXFileReference; lastKnownFileType = text.plist.xml; path = Info.plist; sourceTree = "<group>"; };
		48685D7A1C89815900E61842 /* BigImages.swift */ = {isa = PBXFileReference; fileEncoding = 4; lastKnownFileType = sourcecode.swift; path = BigImages.swift; sourceTree = "<group>"; };
/* End PBXFileReference section */

/* Begin PBXFrameworksBuildPhase section */
		48685D461C897FC800E61842 /* Frameworks */ = {
			isa = PBXFrameworksBuildPhase;
			buildActionMask = 2147483647;
			files = (
			);
			runOnlyForDeploymentPostprocessing = 0;
		};
		48685D5A1C897FC800E61842 /* Frameworks */ = {
			isa = PBXFrameworksBuildPhase;
			buildActionMask = 2147483647;
			files = (
			);
			runOnlyForDeploymentPostprocessing = 0;
		};
		48685D651C897FC800E61842 /* Frameworks */ = {
			isa = PBXFrameworksBuildPhase;
			buildActionMask = 2147483647;
			files = (
			);
			runOnlyForDeploymentPostprocessing = 0;
		};
/* End PBXFrameworksBuildPhase section */

/* Begin PBXGroup section */
		48685D401C897FC700E61842 = {
			isa = PBXGroup;
			children = (
				48685D4B1C897FC800E61842 /* ImagePersistencePractice */,
				48685D601C897FC800E61842 /* ImagePersistencePracticeTests */,
				48685D6B1C897FC800E61842 /* ImagePersistencePracticeUITests */,
				48685D4A1C897FC800E61842 /* Products */,
			);
			sourceTree = "<group>";
		};
		48685D4A1C897FC800E61842 /* Products */ = {
			isa = PBXGroup;
			children = (
				48685D491C897FC800E61842 /* ImagePersistencePractice.app */,
				48685D5D1C897FC800E61842 /* ImagePersistencePracticeTests.xctest */,
				48685D681C897FC800E61842 /* ImagePersistencePracticeUITests.xctest */,
			);
			name = Products;
			sourceTree = "<group>";
		};
		48685D4B1C897FC800E61842 /* ImagePersistencePractice */ = {
			isa = PBXGroup;
			children = (
				48685D501C897FC800E61842 /* Main.storyboard */,
				48685D4C1C897FC800E61842 /* AppDelegate.swift */,
				48685D7A1C89815900E61842 /* BigImages.swift */,
				48685D4E1C897FC800E61842 /* ImageViewController.swift */,
				48685D531C897FC800E61842 /* Assets.xcassets */,
				48685D551C897FC800E61842 /* LaunchScreen.storyboard */,
				48685D581C897FC800E61842 /* Info.plist */,
			);
			path = ImagePersistencePractice;
			sourceTree = "<group>";
		};
		48685D601C897FC800E61842 /* ImagePersistencePracticeTests */ = {
			isa = PBXGroup;
			children = (
				48685D611C897FC800E61842 /* ImagePersistencePracticeTests.swift */,
				48685D631C897FC800E61842 /* Info.plist */,
			);
			path = ImagePersistencePracticeTests;
			sourceTree = "<group>";
		};
		48685D6B1C897FC800E61842 /* ImagePersistencePracticeUITests */ = {
			isa = PBXGroup;
			children = (
				48685D6C1C897FC800E61842 /* ImagePersistencePracticeUITests.swift */,
				48685D6E1C897FC800E61842 /* Info.plist */,
			);
			path = ImagePersistencePracticeUITests;
			sourceTree = "<group>";
		};
/* End PBXGroup section */

/* Begin PBXNativeTarget section */
		48685D481C897FC800E61842 /* ImagePersistencePractice */ = {
			isa = PBXNativeTarget;
			buildConfigurationList = 48685D711C897FC800E61842 /* Build configuration list for PBXNativeTarget "ImagePersistencePractice" */;
			buildPhases = (
				48685D451C897FC800E61842 /* Sources */,
				48685D461C897FC800E61842 /* Frameworks */,
				48685D471C897FC800E61842 /* Resources */,
			);
			buildRules = (
			);
			dependencies = (
			);
			name = ImagePersistencePractice;
			productName = ImagePersistencePractice;
			productReference = 48685D491C897FC800E61842 /* ImagePersistencePractice.app */;
			productType = "com.apple.product-type.application";
		};
		48685D5C1C897FC800E61842 /* ImagePersistencePracticeTests */ = {
			isa = PBXNativeTarget;
			buildConfigurationList = 48685D741C897FC800E61842 /* Build configuration list for PBXNativeTarget "ImagePersistencePracticeTests" */;
			buildPhases = (
				48685D591C897FC800E61842 /* Sources */,
				48685D5A1C897FC800E61842 /* Frameworks */,
				48685D5B1C897FC800E61842 /* Resources */,
			);
			buildRules = (
			);
			dependencies = (
				48685D5F1C897FC800E61842 /* PBXTargetDependency */,
			);
			name = ImagePersistencePracticeTests;
			productName = ImagePersistencePracticeTests;
			productReference = 48685D5D1C897FC800E61842 /* ImagePersistencePracticeTests.xctest */;
			productType = "com.apple.product-type.bundle.unit-test";
		};
		48685D671C897FC800E61842 /* ImagePersistencePracticeUITests */ = {
			isa = PBXNativeTarget;
			buildConfigurationList = 48685D771C897FC800E61842 /* Build configuration list for PBXNativeTarget "ImagePersistencePracticeUITests" */;
			buildPhases = (
				48685D641C897FC800E61842 /* Sources */,
				48685D651C897FC800E61842 /* Frameworks */,
				48685D661C897FC800E61842 /* Resources */,
			);
			buildRules = (
			);
			dependencies = (
				48685D6A1C897FC800E61842 /* PBXTargetDependency */,
			);
			name = ImagePersistencePracticeUITests;
			productName = ImagePersistencePracticeUITests;
			productReference = 48685D681C897FC800E61842 /* ImagePersistencePracticeUITests.xctest */;
			productType = "com.apple.product-type.bundle.ui-testing";
		};
/* End PBXNativeTarget section */

/* Begin PBXProject section */
		48685D411C897FC700E61842 /* Project object */ = {
			isa = PBXProject;
			attributes = {
				LastSwiftUpdateCheck = 0720;
				LastUpgradeCheck = 0720;
				ORGANIZATIONNAME = MxMd;
				TargetAttributes = {
					48685D481C897FC800E61842 = {
						CreatedOnToolsVersion = 7.2;
					};
					48685D5C1C897FC800E61842 = {
						CreatedOnToolsVersion = 7.2;
						TestTargetID = 48685D481C897FC800E61842;
					};
					48685D671C897FC800E61842 = {
						CreatedOnToolsVersion = 7.2;
						TestTargetID = 48685D481C897FC800E61842;
					};
				};
			};
			buildConfigurationList = 48685D441C897FC700E61842 /* Build configuration list for PBXProject "ImagePersistencePractice" */;
			compatibilityVersion = "Xcode 3.2";
			developmentRegion = English;
			hasScannedForEncodings = 0;
			knownRegions = (
				en,
				Base,
			);
			mainGroup = 48685D401C897FC700E61842;
			productRefGroup = 48685D4A1C897FC800E61842 /* Products */;
			projectDirPath = "";
			projectRoot = "";
			targets = (
				48685D481C897FC800E61842 /* ImagePersistencePractice */,
				48685D5C1C897FC800E61842 /* ImagePersistencePracticeTests */,
				48685D671C897FC800E61842 /* ImagePersistencePracticeUITests */,
			);
		};
/* End PBXProject section */

/* Begin PBXResourcesBuildPhase section */
		48685D471C897FC800E61842 /* Resources */ = {
			isa = PBXResourcesBuildPhase;
			buildActionMask = 2147483647;
			files = (
				48685D571C897FC800E61842 /* LaunchScreen.storyboard in Resources */,
				48685D541C897FC800E61842 /* Assets.xcassets in Resources */,
				48685D521C897FC800E61842 /* Main.storyboard in Resources */,
			);
			runOnlyForDeploymentPostprocessing = 0;
		};
		48685D5B1C897FC800E61842 /* Resources */ = {
			isa = PBXResourcesBuildPhase;
			buildActionMask = 2147483647;
			files = (
			);
			runOnlyForDeploymentPostprocessing = 0;
		};
		48685D661C897FC800E61842 /* Resources */ = {
			isa = PBXResourcesBuildPhase;
			buildActionMask = 2147483647;
			files = (
			);
			runOnlyForDeploymentPostprocessing = 0;
		};
/* End PBXResourcesBuildPhase section */

/* Begin PBXSourcesBuildPhase section */
		48685D451C897FC800E61842 /* Sources */ = {
			isa = PBXSourcesBuildPhase;
			buildActionMask = 2147483647;
			files = (
				48685D7B1C89815900E61842 /* BigImages.swift in Sources */,
				48685D4F1C897FC800E61842 /* ImageViewController.swift in Sources */,
				48685D4D1C897FC800E61842 /* AppDelegate.swift in Sources */,
			);
			runOnlyForDeploymentPostprocessing = 0;
		};
		48685D591C897FC800E61842 /* Sources */ = {
			isa = PBXSourcesBuildPhase;
			buildActionMask = 2147483647;
			files = (
				48685D621C897FC800E61842 /* ImagePersistencePracticeTests.swift in Sources */,
			);
			runOnlyForDeploymentPostprocessing = 0;
		};
		48685D641C897FC800E61842 /* Sources */ = {
			isa = PBXSourcesBuildPhase;
			buildActionMask = 2147483647;
			files = (
				48685D6D1C897FC800E61842 /* ImagePersistencePracticeUITests.swift in Sources */,
			);
			runOnlyForDeploymentPostprocessing = 0;
		};
/* End PBXSourcesBuildPhase section */

/* Begin PBXTargetDependency section */
		48685D5F1C897FC800E61842 /* PBXTargetDependency */ = {
			isa = PBXTargetDependency;
			target = 48685D481C897FC800E61842 /* ImagePersistencePractice */;
			targetProxy = 48685D5E1C897FC800E61842 /* PBXContainerItemProxy */;
		};
		48685D6A1C897FC800E61842 /* PBXTargetDependency */ = {
			isa = PBXTargetDependency;
			target = 48685D481C897FC800E61842 /* ImagePersistencePractice */;
			targetProxy = 48685D691C897FC800E61842 /* PBXContainerItemProxy */;
		};
/* End PBXTargetDependency section */

/* Begin PBXVariantGroup section */
		48685D501C897FC800E61842 /* Main.storyboard */ = {
			isa = PBXVariantGroup;
			children = (
				48685D511C897FC800E61842 /* Base */,
			);
			name = Main.storyboard;
			sourceTree = "<group>";
		};
		48685D551C897FC800E61842 /* LaunchScreen.storyboard */ = {
			isa = PBXVariantGroup;
			children = (
				48685D561C897FC800E61842 /* Base */,
			);
			name = LaunchScreen.storyboard;
			sourceTree = "<group>";
		};
/* End PBXVariantGroup section */

/* Begin XCBuildConfiguration section */
		48685D6F1C897FC800E61842 /* Debug */ = {
			isa = XCBuildConfiguration;
			buildSettings = {
				ALWAYS_SEARCH_USER_PATHS = NO;
				CLANG_CXX_LANGUAGE_STANDARD = "gnu++0x";
				CLANG_CXX_LIBRARY = "libc++";
				CLANG_ENABLE_MODULES = YES;
				CLANG_ENABLE_OBJC_ARC = YES;
				CLANG_WARN_BOOL_CONVERSION = YES;
				CLANG_WARN_CONSTANT_CONVERSION = YES;
				CLANG_WARN_DIRECT_OBJC_ISA_USAGE = YES_ERROR;
				CLANG_WARN_EMPTY_BODY = YES;
				CLANG_WARN_ENUM_CONVERSION = YES;
				CLANG_WARN_INT_CONVERSION = YES;
				CLANG_WARN_OBJC_ROOT_CLASS = YES_ERROR;
				CLANG_WARN_UNREACHABLE_CODE = YES;
				CLANG_WARN__DUPLICATE_METHOD_MATCH = YES;
				"CODE_SIGN_IDENTITY[sdk=iphoneos*]" = "iPhone Developer";
				COPY_PHASE_STRIP = NO;
				DEBUG_INFORMATION_FORMAT = dwarf;
				ENABLE_STRICT_OBJC_MSGSEND = YES;
				ENABLE_TESTABILITY = YES;
				GCC_C_LANGUAGE_STANDARD = gnu99;
				GCC_DYNAMIC_NO_PIC = NO;
				GCC_NO_COMMON_BLOCKS = YES;
				GCC_OPTIMIZATION_LEVEL = 0;
				GCC_PREPROCESSOR_DEFINITIONS = (
					"DEBUG=1",
					"$(inherited)",
				);
				GCC_WARN_64_TO_32_BIT_CONVERSION = YES;
				GCC_WARN_ABOUT_RETURN_TYPE = YES_ERROR;
				GCC_WARN_UNDECLARED_SELECTOR = YES;
				GCC_WARN_UNINITIALIZED_AUTOS = YES_AGGRESSIVE;
				GCC_WARN_UNUSED_FUNCTION = YES;
				GCC_WARN_UNUSED_VARIABLE = YES;
				IPHONEOS_DEPLOYMENT_TARGET = 9.2;
				MTL_ENABLE_DEBUG_INFO = YES;
				ONLY_ACTIVE_ARCH = YES;
				SDKROOT = iphoneos;
				SWIFT_OPTIMIZATION_LEVEL = "-Onone";
			};
			name = Debug;
		};
		48685D701C897FC800E61842 /* Release */ = {
			isa = XCBuildConfiguration;
			buildSettings = {
				ALWAYS_SEARCH_USER_PATHS = NO;
				CLANG_CXX_LANGUAGE_STANDARD = "gnu++0x";
				CLANG_CXX_LIBRARY = "libc++";
				CLANG_ENABLE_MODULES = YES;
				CLANG_ENABLE_OBJC_ARC = YES;
				CLANG_WARN_BOOL_CONVERSION = YES;
				CLANG_WARN_CONSTANT_CONVERSION = YES;
				CLANG_WARN_DIRECT_OBJC_ISA_USAGE = YES_ERROR;
				CLANG_WARN_EMPTY_BODY = YES;
				CLANG_WARN_ENUM_CONVERSION = YES;
				CLANG_WARN_INT_CONVERSION = YES;
				CLANG_WARN_OBJC_ROOT_CLASS = YES_ERROR;
				CLANG_WARN_UNREACHABLE_CODE = YES;
				CLANG_WARN__DUPLICATE_METHOD_MATCH = YES;
				"CODE_SIGN_IDENTITY[sdk=iphoneos*]" = "iPhone Developer";
				COPY_PHASE_STRIP = NO;
				DEBUG_INFORMATION_FORMAT = "dwarf-with-dsym";
				ENABLE_NS_ASSERTIONS = NO;
				ENABLE_STRICT_OBJC_MSGSEND = YES;
				GCC_C_LANGUAGE_STANDARD = gnu99;
				GCC_NO_COMMON_BLOCKS = YES;
				GCC_WARN_64_TO_32_BIT_CONVERSION = YES;
				GCC_WARN_ABOUT_RETURN_TYPE = YES_ERROR;
				GCC_WARN_UNDECLARED_SELECTOR = YES;
				GCC_WARN_UNINITIALIZED_AUTOS = YES_AGGRESSIVE;
				GCC_WARN_UNUSED_FUNCTION = YES;
				GCC_WARN_UNUSED_VARIABLE = YES;
				IPHONEOS_DEPLOYMENT_TARGET = 9.2;
				MTL_ENABLE_DEBUG_INFO = NO;
				SDKROOT = iphoneos;
				VALIDATE_PRODUCT = YES;
			};
			name = Release;
		};
		48685D721C897FC800E61842 /* Debug */ = {
			isa = XCBuildConfiguration;
			buildSettings = {
				ASSETCATALOG_COMPILER_APPICON_NAME = AppIcon;
				INFOPLIST_FILE = ImagePersistencePractice/Info.plist;
				LD_RUNPATH_SEARCH_PATHS = "$(inherited) @executable_path/Frameworks";
				PRODUCT_BUNDLE_IDENTIFIER = mehdisalemi.ImagePersistencePractice;
				PRODUCT_NAME = "$(TARGET_NAME)";
			};
			name = Debug;
		};
		48685D731C897FC800E61842 /* Release */ = {
			isa = XCBuildConfiguration;
			buildSettings = {
				ASSETCATALOG_COMPILER_APPICON_NAME = AppIcon;
				INFOPLIST_FILE = ImagePersistencePractice/Info.plist;
				LD_RUNPATH_SEARCH_PATHS = "$(inherited) @executable_path/Frameworks";
				PRODUCT_BUNDLE_IDENTIFIER = mehdisalemi.ImagePersistencePractice;
				PRODUCT_NAME = "$(TARGET_NAME)";
			};
			name = Release;
		};
		48685D751C897FC800E61842 /* Debug */ = {
			isa = XCBuildConfiguration;
			buildSettings = {
				BUNDLE_LOADER = "$(TEST_HOST)";
				INFOPLIST_FILE = ImagePersistencePracticeTests/Info.plist;
				LD_RUNPATH_SEARCH_PATHS = "$(inherited) @executable_path/Frameworks @loader_path/Frameworks";
				PRODUCT_BUNDLE_IDENTIFIER = mehdisalemi.ImagePersistencePracticeTests;
				PRODUCT_NAME = "$(TARGET_NAME)";
				TEST_HOST = "$(BUILT_PRODUCTS_DIR)/ImagePersistencePractice.app/ImagePersistencePractice";
			};
			name = Debug;
		};
		48685D761C897FC800E61842 /* Release */ = {
			isa = XCBuildConfiguration;
			buildSettings = {
				BUNDLE_LOADER = "$(TEST_HOST)";
				INFOPLIST_FILE = ImagePersistencePracticeTests/Info.plist;
				LD_RUNPATH_SEARCH_PATHS = "$(inherited) @executable_path/Frameworks @loader_path/Frameworks";
				PRODUCT_BUNDLE_IDENTIFIER = mehdisalemi.ImagePersistencePracticeTests;
				PRODUCT_NAME = "$(TARGET_NAME)";
				TEST_HOST = "$(BUILT_PRODUCTS_DIR)/ImagePersistencePractice.app/ImagePersistencePractice";
			};
			name = Release;
		};
		48685D781C897FC800E61842 /* Debug */ = {
			isa = XCBuildConfiguration;
			buildSettings = {
				INFOPLIST_FILE = ImagePersistencePracticeUITests/Info.plist;
				LD_RUNPATH_SEARCH_PATHS = "$(inherited) @executable_path/Frameworks @loader_path/Frameworks";
				PRODUCT_BUNDLE_IDENTIFIER = mehdisalemi.ImagePersistencePracticeUITests;
				PRODUCT_NAME = "$(TARGET_NAME)";
				TEST_TARGET_NAME = ImagePersistencePractice;
				USES_XCTRUNNER = YES;
			};
			name = Debug;
		};
		48685D791C897FC800E61842 /* Release */ = {
			isa = XCBuildConfiguration;
			buildSettings = {
				INFOPLIST_FILE = ImagePersistencePracticeUITests/Info.plist;
				LD_RUNPATH_SEARCH_PATHS = "$(inherited) @executable_path/Frameworks @loader_path/Frameworks";
				PRODUCT_BUNDLE_IDENTIFIER = mehdisalemi.ImagePersistencePracticeUITests;
				PRODUCT_NAME = "$(TARGET_NAME)";
				TEST_TARGET_NAME = ImagePersistencePractice;
				USES_XCTRUNNER = YES;
			};
			name = Release;
		};
/* End XCBuildConfiguration section */

/* Begin XCConfigurationList section */
		48685D441C897FC700E61842 /* Build configuration list for PBXProject "ImagePersistencePractice" */ = {
			isa = XCConfigurationList;
			buildConfigurations = (
				48685D6F1C897FC800E61842 /* Debug */,
				48685D701C897FC800E61842 /* Release */,
			);
			defaultConfigurationIsVisible = 0;
			defaultConfigurationName = Release;
		};
		48685D711C897FC800E61842 /* Build configuration list for PBXNativeTarget "ImagePersistencePractice" */ = {
			isa = XCConfigurationList;
			buildConfigurations = (
				48685D721C897FC800E61842 /* Debug */,
				48685D731C897FC800E61842 /* Release */,
			);
			defaultConfigurationIsVisible = 0;
		};
		48685D741C897FC800E61842 /* Build configuration list for PBXNativeTarget "ImagePersistencePracticeTests" */ = {
			isa = XCConfigurationList;
			buildConfigurations = (
				48685D751C897FC800E61842 /* Debug */,
				48685D761C897FC800E61842 /* Release */,
			);
			defaultConfigurationIsVisible = 0;
		};
		48685D771C897FC800E61842 /* Build configuration list for PBXNativeTarget "ImagePersistencePracticeUITests" */ = {
			isa = XCConfigurationList;
			buildConfigurations = (
				48685D781C897FC800E61842 /* Debug */,
				48685D791C897FC800E61842 /* Release */,
			);
			defaultConfigurationIsVisible = 0;
		};
/* End XCConfigurationList section */
	};
	rootObject = 48685D411C897FC700E61842 /* Project object */;
}
